
Microsoft Visual Studio Solution File, Format Version 12.00
# Visual Studio 15
VisualStudioVersion = 15.0.28010.2036
MinimumVisualStudioVersion = 10.0.40219.1
Project("{FAE04EC0-301F-11D3-BF4B-00C04F79EFBC}") = "ProvaParteII", "ProvaParteII\ProvaParteII.csproj", "{5949BC42-4EA0-447B-B5D3-147D33D4263C}"
EndProject
Global
	GlobalSection(SolutionConfigurationPlatforms) = preSolution
		Debug|Any CPU = Debug|Any CPU
		Release|Any CPU = Release|Any CPU
	EndGlobalSection
	GlobalSection(ProjectConfigurationPlatforms) = postSolution
		{5949BC42-4EA0-447B-B5D3-147D33D4263C}.Debug|Any CPU.ActiveCfg = Debug|Any CPU
		{5949BC42-4EA0-447B-B5D3-147D33D4263C}.Debug|Any CPU.Build.0 = Debug|Any CPU
		{5949BC42-4EA0-447B-B5D3-147D33D4263C}.Release|Any CPU.ActiveCfg = Release|Any CPU
		{5949BC42-4EA0-447B-B5D3-147D33D4263C}.Release|Any CPU.Build.0 = Release|Any CPU
	EndGlobalSection
	GlobalSection(SolutionProperties) = preSolution
		HideSolutionNode = FALSE
	EndGlobalSection
	GlobalSection(ExtensibilityGlobals) = postSolution
		SolutionGuid = {ECE685B5-BF1A-485F-BD56-8FA0479A52AF}
	EndGlobalSection
EndGlobal
